// !$*UTF8*$!
{
	archiveVersion = 1;
	classes = {
	};
	objectVersion = 50;
	objects = {

/* Begin PBXBuildFile section */
		735B74B12292089600914E7F /* AppDelegate.swift in Sources */ = {isa = PBXBuildFile; fileRef = 735B74B02292089600914E7F /* AppDelegate.swift */; };
		735B74B32292089600914E7F /* ViewController.swift in Sources */ = {isa = PBXBuildFile; fileRef = 735B74B22292089600914E7F /* ViewController.swift */; };
		735B74B62292089600914E7F /* Main.storyboard in Resources */ = {isa = PBXBuildFile; fileRef = 735B74B42292089600914E7F /* Main.storyboard */; };
		735B74B82292089700914E7F /* Assets.xcassets in Resources */ = {isa = PBXBuildFile; fileRef = 735B74B72292089700914E7F /* Assets.xcassets */; };
		735B74BB2292089700914E7F /* LaunchScreen.storyboard in Resources */ = {isa = PBXBuildFile; fileRef = 735B74B92292089700914E7F /* LaunchScreen.storyboard */; };
		736373F222A89524003481A6 /* myTableViewCell.swift in Sources */ = {isa = PBXBuildFile; fileRef = 736373F122A89524003481A6 /* myTableViewCell.swift */; };
		739F78F622AF10FF002CF74A /* PrefViewController.swift in Sources */ = {isa = PBXBuildFile; fileRef = 739F78F522AF10FF002CF74A /* PrefViewController.swift */; };
		739F78F822AF163B002CF74A /* Keychain.swift in Sources */ = {isa = PBXBuildFile; fileRef = 739F78F722AF163B002CF74A /* Keychain.swift */; };
		739F78FC22AF5748002CF74A /* modelDetect.swift in Sources */ = {isa = PBXBuildFile; fileRef = 739F78FB22AF5748002CF74A /* modelDetect.swift */; };
		73F1083822976AB600FBB231 /* jamfData.swift in Sources */ = {isa = PBXBuildFile; fileRef = 73F1083722976AB600FBB231 /* jamfData.swift */; };
		86B46FF022A9639900AE1077 /* JamfCalls.swift in Sources */ = {isa = PBXBuildFile; fileRef = 86B46FEF22A9639900AE1077 /* JamfCalls.swift */; };
		86B46FF222A96DEB00AE1077 /* computerObject.swift in Sources */ = {isa = PBXBuildFile; fileRef = 86B46FF122A96DEB00AE1077 /* computerObject.swift */; };
		86B46FF422A96E1A00AE1077 /* SessionDelegate.swift in Sources */ = {isa = PBXBuildFile; fileRef = 86B46FF322A96E1A00AE1077 /* SessionDelegate.swift */; };
/* End PBXBuildFile section */

/* Begin PBXFileReference section */
		03555A5F22C99CD1002069E1 /* Laptop Loaner Checkout.entitlements */ = {isa = PBXFileReference; lastKnownFileType = text.plist.entitlements; path = "Laptop Loaner Checkout.entitlements"; sourceTree = "<group>"; };
		735B74AD2292089600914E7F /* Laptop Loaner Checkout.app */ = {isa = PBXFileReference; explicitFileType = wrapper.application; includeInIndex = 0; path = "Laptop Loaner Checkout.app"; sourceTree = BUILT_PRODUCTS_DIR; };
		735B74B02292089600914E7F /* AppDelegate.swift */ = {isa = PBXFileReference; lastKnownFileType = sourcecode.swift; path = AppDelegate.swift; sourceTree = "<group>"; };
		735B74B22292089600914E7F /* ViewController.swift */ = {isa = PBXFileReference; lastKnownFileType = sourcecode.swift; path = ViewController.swift; sourceTree = "<group>"; };
		735B74B52292089600914E7F /* Base */ = {isa = PBXFileReference; lastKnownFileType = file.storyboard; name = Base; path = Base.lproj/Main.storyboard; sourceTree = "<group>"; };
		735B74B72292089700914E7F /* Assets.xcassets */ = {isa = PBXFileReference; lastKnownFileType = folder.assetcatalog; path = Assets.xcassets; sourceTree = "<group>"; };
		735B74BA2292089700914E7F /* Base */ = {isa = PBXFileReference; lastKnownFileType = file.storyboard; name = Base; path = Base.lproj/LaunchScreen.storyboard; sourceTree = "<group>"; };
		735B74BC2292089700914E7F /* Info.plist */ = {isa = PBXFileReference; lastKnownFileType = text.plist.xml; path = Info.plist; sourceTree = "<group>"; };
		736373F122A89524003481A6 /* myTableViewCell.swift */ = {isa = PBXFileReference; lastKnownFileType = sourcecode.swift; path = myTableViewCell.swift; sourceTree = "<group>"; };
		739F78F522AF10FF002CF74A /* PrefViewController.swift */ = {isa = PBXFileReference; lastKnownFileType = sourcecode.swift; path = PrefViewController.swift; sourceTree = "<group>"; };
		739F78F722AF163B002CF74A /* Keychain.swift */ = {isa = PBXFileReference; lastKnownFileType = sourcecode.swift; path = Keychain.swift; sourceTree = "<group>"; };
		739F78FB22AF5748002CF74A /* modelDetect.swift */ = {isa = PBXFileReference; lastKnownFileType = sourcecode.swift; path = modelDetect.swift; sourceTree = "<group>"; };
		73F1083722976AB600FBB231 /* jamfData.swift */ = {isa = PBXFileReference; lastKnownFileType = sourcecode.swift; path = jamfData.swift; sourceTree = "<group>"; };
		86B46FEF22A9639900AE1077 /* JamfCalls.swift */ = {isa = PBXFileReference; lastKnownFileType = sourcecode.swift; path = JamfCalls.swift; sourceTree = "<group>"; };
		86B46FF122A96DEB00AE1077 /* computerObject.swift */ = {isa = PBXFileReference; lastKnownFileType = sourcecode.swift; path = computerObject.swift; sourceTree = "<group>"; };
		86B46FF322A96E1A00AE1077 /* SessionDelegate.swift */ = {isa = PBXFileReference; lastKnownFileType = sourcecode.swift; path = SessionDelegate.swift; sourceTree = "<group>"; };
/* End PBXFileReference section */

/* Begin PBXFrameworksBuildPhase section */
		735B74AA2292089600914E7F /* Frameworks */ = {
			isa = PBXFrameworksBuildPhase;
			buildActionMask = 2147483647;
			files = (
			);
			runOnlyForDeploymentPostprocessing = 0;
		};
/* End PBXFrameworksBuildPhase section */

/* Begin PBXGroup section */
		735B74A42292089600914E7F = {
			isa = PBXGroup;
			children = (
				735B74AF2292089600914E7F /* Laptop Loaner Checkout */,
				735B74AE2292089600914E7F /* Products */,
			);
			sourceTree = "<group>";
		};
		735B74AE2292089600914E7F /* Products */ = {
			isa = PBXGroup;
			children = (
				735B74AD2292089600914E7F /* Laptop Loaner Checkout.app */,
			);
			name = Products;
			sourceTree = "<group>";
		};
		735B74AF2292089600914E7F /* Laptop Loaner Checkout */ = {
			isa = PBXGroup;
			children = (
				03555A5F22C99CD1002069E1 /* Laptop Loaner Checkout.entitlements */,
				735B74B02292089600914E7F /* AppDelegate.swift */,
				735B74B22292089600914E7F /* ViewController.swift */,
				739F78FB22AF5748002CF74A /* modelDetect.swift */,
				739F78F522AF10FF002CF74A /* PrefViewController.swift */,
				739F78F722AF163B002CF74A /* Keychain.swift */,
				86B46FF122A96DEB00AE1077 /* computerObject.swift */,
				736373F122A89524003481A6 /* myTableViewCell.swift */,
				86B46FEF22A9639900AE1077 /* JamfCalls.swift */,
				73F1083722976AB600FBB231 /* jamfData.swift */,
				86B46FF322A96E1A00AE1077 /* SessionDelegate.swift */,
				735B74B42292089600914E7F /* Main.storyboard */,
				735B74B72292089700914E7F /* Assets.xcassets */,
				735B74B92292089700914E7F /* LaunchScreen.storyboard */,
				735B74BC2292089700914E7F /* Info.plist */,
			);
			path = "Laptop Loaner Checkout";
			sourceTree = "<group>";
		};
/* End PBXGroup section */

/* Begin PBXNativeTarget section */
		735B74AC2292089600914E7F /* Laptop Loaner Checkout */ = {
			isa = PBXNativeTarget;
			buildConfigurationList = 735B74BF2292089700914E7F /* Build configuration list for PBXNativeTarget "Laptop Loaner Checkout" */;
			buildPhases = (
				735B74A92292089600914E7F /* Sources */,
				735B74AA2292089600914E7F /* Frameworks */,
				735B74AB2292089600914E7F /* Resources */,
			);
			buildRules = (
			);
			dependencies = (
			);
			name = "Laptop Loaner Checkout";
			productName = "Laptop Loaner Checkout";
			productReference = 735B74AD2292089600914E7F /* Laptop Loaner Checkout.app */;
			productType = "com.apple.product-type.application";
		};
/* End PBXNativeTarget section */

/* Begin PBXProject section */
		735B74A52292089600914E7F /* Project object */ = {
			isa = PBXProject;
			attributes = {
				LastSwiftUpdateCheck = 1020;
				LastUpgradeCheck = 1020;
				ORGANIZATIONNAME = TrueTalentIncorportated;
				TargetAttributes = {
					735B74AC2292089600914E7F = {
						CreatedOnToolsVersion = 10.2.1;
					};
				};
			};
			buildConfigurationList = 735B74A82292089600914E7F /* Build configuration list for PBXProject "Laptop Loaner Checkout" */;
			compatibilityVersion = "Xcode 9.3";
			developmentRegion = en;
			hasScannedForEncodings = 0;
			knownRegions = (
				en,
				Base,
			);
			mainGroup = 735B74A42292089600914E7F;
			productRefGroup = 735B74AE2292089600914E7F /* Products */;
			projectDirPath = "";
			projectRoot = "";
			targets = (
				735B74AC2292089600914E7F /* Laptop Loaner Checkout */,
			);
		};
/* End PBXProject section */

/* Begin PBXResourcesBuildPhase section */
		735B74AB2292089600914E7F /* Resources */ = {
			isa = PBXResourcesBuildPhase;
			buildActionMask = 2147483647;
			files = (
				735B74BB2292089700914E7F /* LaunchScreen.storyboard in Resources */,
				735B74B82292089700914E7F /* Assets.xcassets in Resources */,
				735B74B62292089600914E7F /* Main.storyboard in Resources */,
			);
			runOnlyForDeploymentPostprocessing = 0;
		};
/* End PBXResourcesBuildPhase section */

/* Begin PBXSourcesBuildPhase section */
		735B74A92292089600914E7F /* Sources */ = {
			isa = PBXSourcesBuildPhase;
			buildActionMask = 2147483647;
			files = (
				73F1083822976AB600FBB231 /* jamfData.swift in Sources */,
				735B74B32292089600914E7F /* ViewController.swift in Sources */,
				86B46FF422A96E1A00AE1077 /* SessionDelegate.swift in Sources */,
				86B46FF022A9639900AE1077 /* JamfCalls.swift in Sources */,
				86B46FF222A96DEB00AE1077 /* computerObject.swift in Sources */,
				739F78F822AF163B002CF74A /* Keychain.swift in Sources */,
				735B74B12292089600914E7F /* AppDelegate.swift in Sources */,
				736373F222A89524003481A6 /* myTableViewCell.swift in Sources */,
				739F78FC22AF5748002CF74A /* modelDetect.swift in Sources */,
				739F78F622AF10FF002CF74A /* PrefViewController.swift in Sources */,
			);
			runOnlyForDeploymentPostprocessing = 0;
		};
/* End PBXSourcesBuildPhase section */

/* Begin PBXVariantGroup section */
		735B74B42292089600914E7F /* Main.storyboard */ = {
			isa = PBXVariantGroup;
			children = (
				735B74B52292089600914E7F /* Base */,
			);
			name = Main.storyboard;
			sourceTree = "<group>";
		};
		735B74B92292089700914E7F /* LaunchScreen.storyboard */ = {
			isa = PBXVariantGroup;
			children = (
				735B74BA2292089700914E7F /* Base */,
			);
			name = LaunchScreen.storyboard;
			sourceTree = "<group>";
		};
/* End PBXVariantGroup section */

/* Begin XCBuildConfiguration section */
		735B74BD2292089700914E7F /* Debug */ = {
			isa = XCBuildConfiguration;
			buildSettings = {
				ALWAYS_SEARCH_USER_PATHS = NO;
				CLANG_ANALYZER_NONNULL = YES;
				CLANG_ANALYZER_NUMBER_OBJECT_CONVERSION = YES_AGGRESSIVE;
				CLANG_CXX_LANGUAGE_STANDARD = "gnu++14";
				CLANG_CXX_LIBRARY = "libc++";
				CLANG_ENABLE_MODULES = YES;
				CLANG_ENABLE_OBJC_ARC = YES;
				CLANG_ENABLE_OBJC_WEAK = YES;
				CLANG_WARN_BLOCK_CAPTURE_AUTORELEASING = YES;
				CLANG_WARN_BOOL_CONVERSION = YES;
				CLANG_WARN_COMMA = YES;
				CLANG_WARN_CONSTANT_CONVERSION = YES;
				CLANG_WARN_DEPRECATED_OBJC_IMPLEMENTATIONS = YES;
				CLANG_WARN_DIRECT_OBJC_ISA_USAGE = YES_ERROR;
				CLANG_WARN_DOCUMENTATION_COMMENTS = YES;
				CLANG_WARN_EMPTY_BODY = YES;
				CLANG_WARN_ENUM_CONVERSION = YES;
				CLANG_WARN_INFINITE_RECURSION = YES;
				CLANG_WARN_INT_CONVERSION = YES;
				CLANG_WARN_NON_LITERAL_NULL_CONVERSION = YES;
				CLANG_WARN_OBJC_IMPLICIT_RETAIN_SELF = YES;
				CLANG_WARN_OBJC_LITERAL_CONVERSION = YES;
				CLANG_WARN_OBJC_ROOT_CLASS = YES_ERROR;
				CLANG_WARN_RANGE_LOOP_ANALYSIS = YES;
				CLANG_WARN_STRICT_PROTOTYPES = YES;
				CLANG_WARN_SUSPICIOUS_MOVE = YES;
				CLANG_WARN_UNGUARDED_AVAILABILITY = YES_AGGRESSIVE;
				CLANG_WARN_UNREACHABLE_CODE = YES;
				CLANG_WARN__DUPLICATE_METHOD_MATCH = YES;
				CODE_SIGN_IDENTITY = "iPhone Developer";
				COPY_PHASE_STRIP = NO;
				DEBUG_INFORMATION_FORMAT = dwarf;
				ENABLE_STRICT_OBJC_MSGSEND = YES;
				ENABLE_TESTABILITY = YES;
				GCC_C_LANGUAGE_STANDARD = gnu11;
				GCC_DYNAMIC_NO_PIC = NO;
				GCC_NO_COMMON_BLOCKS = YES;
				GCC_OPTIMIZATION_LEVEL = 0;
				GCC_PREPROCESSOR_DEFINITIONS = (
					"DEBUG=1",
					"$(inherited)",
				);
				GCC_WARN_64_TO_32_BIT_CONVERSION = YES;
				GCC_WARN_ABOUT_RETURN_TYPE = YES_ERROR;
				GCC_WARN_UNDECLARED_SELECTOR = YES;
				GCC_WARN_UNINITIALIZED_AUTOS = YES_AGGRESSIVE;
				GCC_WARN_UNUSED_FUNCTION = YES;
				GCC_WARN_UNUSED_VARIABLE = YES;
				IPHONEOS_DEPLOYMENT_TARGET = 12.2;
				MTL_ENABLE_DEBUG_INFO = INCLUDE_SOURCE;
				MTL_FAST_MATH = YES;
				ONLY_ACTIVE_ARCH = YES;
				SDKROOT = iphoneos;
				SWIFT_ACTIVE_COMPILATION_CONDITIONS = DEBUG;
				SWIFT_OPTIMIZATION_LEVEL = "-Onone";
			};
			name = Debug;
		};
		735B74BE2292089700914E7F /* Release */ = {
			isa = XCBuildConfiguration;
			buildSettings = {
				ALWAYS_SEARCH_USER_PATHS = NO;
				CLANG_ANALYZER_NONNULL = YES;
				CLANG_ANALYZER_NUMBER_OBJECT_CONVERSION = YES_AGGRESSIVE;
				CLANG_CXX_LANGUAGE_STANDARD = "gnu++14";
				CLANG_CXX_LIBRARY = "libc++";
				CLANG_ENABLE_MODULES = YES;
				CLANG_ENABLE_OBJC_ARC = YES;
				CLANG_ENABLE_OBJC_WEAK = YES;
				CLANG_WARN_BLOCK_CAPTURE_AUTORELEASING = YES;
				CLANG_WARN_BOOL_CONVERSION = YES;
				CLANG_WARN_COMMA = YES;
				CLANG_WARN_CONSTANT_CONVERSION = YES;
				CLANG_WARN_DEPRECATED_OBJC_IMPLEMENTATIONS = YES;
				CLANG_WARN_DIRECT_OBJC_ISA_USAGE = YES_ERROR;
				CLANG_WARN_DOCUMENTATION_COMMENTS = YES;
				CLANG_WARN_EMPTY_BODY = YES;
				CLANG_WARN_ENUM_CONVERSION = YES;
				CLANG_WARN_INFINITE_RECURSION = YES;
				CLANG_WARN_INT_CONVERSION = YES;
				CLANG_WARN_NON_LITERAL_NULL_CONVERSION = YES;
				CLANG_WARN_OBJC_IMPLICIT_RETAIN_SELF = YES;
				CLANG_WARN_OBJC_LITERAL_CONVERSION = YES;
				CLANG_WARN_OBJC_ROOT_CLASS = YES_ERROR;
				CLANG_WARN_RANGE_LOOP_ANALYSIS = YES;
				CLANG_WARN_STRICT_PROTOTYPES = YES;
				CLANG_WARN_SUSPICIOUS_MOVE = YES;
				CLANG_WARN_UNGUARDED_AVAILABILITY = YES_AGGRESSIVE;
				CLANG_WARN_UNREACHABLE_CODE = YES;
				CLANG_WARN__DUPLICATE_METHOD_MATCH = YES;
				CODE_SIGN_IDENTITY = "iPhone Developer";
				COPY_PHASE_STRIP = NO;
				DEBUG_INFORMATION_FORMAT = "dwarf-with-dsym";
				ENABLE_NS_ASSERTIONS = NO;
				ENABLE_STRICT_OBJC_MSGSEND = YES;
				GCC_C_LANGUAGE_STANDARD = gnu11;
				GCC_NO_COMMON_BLOCKS = YES;
				GCC_WARN_64_TO_32_BIT_CONVERSION = YES;
				GCC_WARN_ABOUT_RETURN_TYPE = YES_ERROR;
				GCC_WARN_UNDECLARED_SELECTOR = YES;
				GCC_WARN_UNINITIALIZED_AUTOS = YES_AGGRESSIVE;
				GCC_WARN_UNUSED_FUNCTION = YES;
				GCC_WARN_UNUSED_VARIABLE = YES;
				IPHONEOS_DEPLOYMENT_TARGET = 12.2;
				MTL_ENABLE_DEBUG_INFO = NO;
				MTL_FAST_MATH = YES;
				SDKROOT = iphoneos;
				SWIFT_COMPILATION_MODE = wholemodule;
				SWIFT_OPTIMIZATION_LEVEL = "-O";
				VALIDATE_PRODUCT = YES;
			};
			name = Release;
		};
		735B74C02292089700914E7F /* Debug */ = {
			isa = XCBuildConfiguration;
			buildSettings = {
				ASSETCATALOG_COMPILER_APPICON_NAME = AppIcon;
				CODE_SIGN_ENTITLEMENTS = "Laptop Loaner Checkout/Laptop Loaner Checkout.entitlements";
				CODE_SIGN_STYLE = Automatic;
				DERIVE_UIKITFORMAC_PRODUCT_BUNDLE_IDENTIFIER = YES;
				DEVELOPMENT_TEAM = 2WUMX954UB;
				INFOPLIST_FILE = "Laptop Loaner Checkout/Info.plist";
				LD_RUNPATH_SEARCH_PATHS = (
					"$(inherited)",
					"@executable_path/Frameworks",
				);
				PRODUCT_BUNDLE_IDENTIFIER = com.TTInc.LLC;
				PRODUCT_NAME = "$(TARGET_NAME)";
				SUPPORTS_UIKITFORMAC = YES;
				SWIFT_VERSION = 5.0;
				TARGETED_DEVICE_FAMILY = "1,2";
			};
			name = Debug;
		};
		735B74C12292089700914E7F /* Release */ = {
			isa = XCBuildConfiguration;
			buildSettings = {
				ASSETCATALOG_COMPILER_APPICON_NAME = AppIcon;
				CODE_SIGN_ENTITLEMENTS = "Laptop Loaner Checkout/Laptop Loaner Checkout.entitlements";
				CODE_SIGN_STYLE = Automatic;
				DERIVE_UIKITFORMAC_PRODUCT_BUNDLE_IDENTIFIER = YES;
				DEVELOPMENT_TEAM = 2WUMX954UB;
				INFOPLIST_FILE = "Laptop Loaner Checkout/Info.plist";
				LD_RUNPATH_SEARCH_PATHS = (
					"$(inherited)",
					"@executable_path/Frameworks",
				);
				PRODUCT_BUNDLE_IDENTIFIER = com.TTInc.LLC;
				PRODUCT_NAME = "$(TARGET_NAME)";
				SUPPORTS_UIKITFORMAC = YES;
				SWIFT_VERSION = 5.0;
				TARGETED_DEVICE_FAMILY = "1,2";
			};
			name = Release;
		};
/* End XCBuildConfiguration section */

/* Begin XCConfigurationList section */
		735B74A82292089600914E7F /* Build configuration list for PBXProject "Laptop Loaner Checkout" */ = {
			isa = XCConfigurationList;
			buildConfigurations = (
				735B74BD2292089700914E7F /* Debug */,
				735B74BE2292089700914E7F /* Release */,
			);
			defaultConfigurationIsVisible = 0;
			defaultConfigurationName = Release;
		};
		735B74BF2292089700914E7F /* Build configuration list for PBXNativeTarget "Laptop Loaner Checkout" */ = {
			isa = XCConfigurationList;
			buildConfigurations = (
				735B74C02292089700914E7F /* Debug */,
				735B74C12292089700914E7F /* Release */,
			);
			defaultConfigurationIsVisible = 0;
			defaultConfigurationName = Release;
		};
/* End XCConfigurationList section */
	};
	rootObject = 735B74A52292089600914E7F /* Project object */;
}
